Microsoft Visual Studio Solution File, Format Version 12.00
# Visual Studio 15
VisualStudioVersion = 15.0.26430.6
MinimumVisualStudioVersion = 15.0.26124.0
Project("{2150E333-8FDC-42A3-9474-1A3956D46DE8}") = "src", "src", "{A21C6F3E-83E0-41FE-945E-D0DE97EF95C4}"
EndProject
Project("{FAE04EC0-301F-11D3-BF4B-00C04F79EFBC}") = "RunRabbitRun.Net", "src\RunRabbitRun.Net\RunRabbitRun.Net.csproj", "{5264E891-FE63-4911-A3D3-DE593688413D}"
EndProject
Project("{FAE04EC0-301F-11D3-BF4B-00C04F79EFBC}") = "RunRabbitRun.Net.Sample", "src\RunRabbitRun.Net.Sample\RunRabbitRun.Net.Sample.csproj", "{45E879D7-BFAD-4036-A94C-987F3813258B}"
EndProject
Project("{2150E333-8FDC-42A3-9474-1A3956D46DE8}") = "test", "test", "{044C4A73-C6BB-4E38-8941-0DEE282AE986}"
EndProject
Project("{FAE04EC0-301F-11D3-BF4B-00C04F79EFBC}") = "RunRabbitRun.Net.Test", "test\RunRabbitRun.Net.Test\RunRabbitRun.Net.Test.csproj", "{C7354675-87D4-4D72-B274-5481326B229C}"
EndProject
Project("{2150E333-8FDC-42A3-9474-1A3956D46DE8}") = "Solution Items", "Solution Items", "{5A229A48-6801-4F28-8FC9-C548FB793A3B}"
	ProjectSection(SolutionItems) = preProject
		LICENSE = LICENSE
	EndProjectSection
EndProject
Global
	GlobalSection(SolutionConfigurationPlatforms) = preSolution
		Debug|Any CPU = Debug|Any CPU
		Debug|x64 = Debug|x64
		Debug|x86 = Debug|x86
		Release|Any CPU = Release|Any CPU
		Release|x64 = Release|x64
		Release|x86 = Release|x86
	EndGlobalSection
	GlobalSection(ProjectConfigurationPlatforms) = postSolution
		{5264E891-FE63-4911-A3D3-DE593688413D}.Debug|Any CPU.ActiveCfg = Debug|Any CPU
		{5264E891-FE63-4911-A3D3-DE593688413D}.Debug|Any CPU.Build.0 = Debug|Any CPU
		{5264E891-FE63-4911-A3D3-DE593688413D}.Debug|x64.ActiveCfg = Debug|Any CPU
		{5264E891-FE63-4911-A3D3-DE593688413D}.Debug|x64.Build.0 = Debug|Any CPU
		{5264E891-FE63-4911-A3D3-DE593688413D}.Debug|x86.ActiveCfg = Debug|Any CPU
		{5264E891-FE63-4911-A3D3-DE593688413D}.Debug|x86.Build.0 = Debug|Any CPU
		{5264E891-FE63-4911-A3D3-DE593688413D}.Release|Any CPU.ActiveCfg = Release|Any CPU
		{5264E891-FE63-4911-A3D3-DE593688413D}.Release|Any CPU.Build.0 = Release|Any CPU
		{5264E891-FE63-4911-A3D3-DE593688413D}.Release|x64.ActiveCfg = Release|Any CPU
		{5264E891-FE63-4911-A3D3-DE593688413D}.Release|x64.Build.0 = Release|Any CPU
		{5264E891-FE63-4911-A3D3-DE593688413D}.Release|x86.ActiveCfg = Release|Any CPU
		{5264E891-FE63-4911-A3D3-DE593688413D}.Release|x86.Build.0 = Release|Any CPU
		{45E879D7-BFAD-4036-A94C-987F3813258B}.Debug|Any CPU.ActiveCfg = Debug|Any CPU
		{45E879D7-BFAD-4036-A94C-987F3813258B}.Debug|Any CPU.Build.0 = Debug|Any CPU
		{45E879D7-BFAD-4036-A94C-987F3813258B}.Debug|x64.ActiveCfg = Debug|Any CPU
		{45E879D7-BFAD-4036-A94C-987F3813258B}.Debug|x64.Build.0 = Debug|Any CPU
		{45E879D7-BFAD-4036-A94C-987F3813258B}.Debug|x86.ActiveCfg = Debug|Any CPU
		{45E879D7-BFAD-4036-A94C-987F3813258B}.Debug|x86.Build.0 = Debug|Any CPU
		{45E879D7-BFAD-4036-A94C-987F3813258B}.Release|Any CPU.ActiveCfg = Release|Any CPU
		{45E879D7-BFAD-4036-A94C-987F3813258B}.Release|Any CPU.Build.0 = Release|Any CPU
		{45E879D7-BFAD-4036-A94C-987F3813258B}.Release|x64.ActiveCfg = Release|Any CPU
		{45E879D7-BFAD-4036-A94C-987F3813258B}.Release|x64.Build.0 = Release|Any CPU
		{45E879D7-BFAD-4036-A94C-987F3813258B}.Release|x86.ActiveCfg = Release|Any CPU
		{45E879D7-BFAD-4036-A94C-987F3813258B}.Release|x86.Build.0 = Release|Any CPU
		{C7354675-87D4-4D72-B274-5481326B229C}.Debug|Any CPU.ActiveCfg = Debug|Any CPU
		{C7354675-87D4-4D72-B274-5481326B229C}.Debug|Any CPU.Build.0 = Debug|Any CPU
		{C7354675-87D4-4D72-B274-5481326B229C}.Debug|x64.ActiveCfg = Debug|Any CPU
		{C7354675-87D4-4D72-B274-5481326B229C}.Debug|x64.Build.0 = Debug|Any CPU
		{C7354675-87D4-4D72-B274-5481326B229C}.Debug|x86.ActiveCfg = Debug|Any CPU
		{C7354675-87D4-4D72-B274-5481326B229C}.Debug|x86.Build.0 = Debug|Any CPU
		{C7354675-87D4-4D72-B274-5481326B229C}.Release|Any CPU.ActiveCfg = Release|Any CPU
		{C7354675-87D4-4D72-B274-5481326B229C}.Release|Any CPU.Build.0 = Release|Any CPU
		{C7354675-87D4-4D72-B274-5481326B229C}.Release|x64.ActiveCfg = Release|Any CPU
		{C7354675-87D4-4D72-B274-5481326B229C}.Release|x64.Build.0 = Release|Any CPU
		{C7354675-87D4-4D72-B274-5481326B229C}.Release|x86.ActiveCfg = Release|Any CPU
		{C7354675-87D4-4D72-B274-5481326B229C}.Release|x86.Build.0 = Release|Any CPU
	EndGlobalSection
	GlobalSection(SolutionProperties) = preSolution
		HideSolutionNode = FALSE
	EndGlobalSection
	GlobalSection(NestedProjects) = preSolution
		{5264E891-FE63-4911-A3D3-DE593688413D} = {A21C6F3E-83E0-41FE-945E-D0DE97EF95C4}
		{45E879D7-BFAD-4036-A94C-987F3813258B} = {A21C6F3E-83E0-41FE-945E-D0DE97EF95C4}
		{C7354675-87D4-4D72-B274-5481326B229C} = {044C4A73-C6BB-4E38-8941-0DEE282AE986}
	EndGlobalSection
EndGlobal
